
Microsoft Visual Studio Solution File, Format Version 12.00
# Visual Studio Version 16
VisualStudioVersion = 16.0.31702.278
MinimumVisualStudioVersion = 10.0.40219.1
Project("{FAE04EC0-301F-11D3-BF4B-00C04F79EFBC}") = "KPZ_EKZ", "KPZ_EKZ\KPZ_EKZ.csproj", "{D089D3C4-8C11-439B-AA1D-8C396A1BCA79}"
EndProject
Project("{FAE04EC0-301F-11D3-BF4B-00C04F79EFBC}") = "KPZ_EKZ.Data", "KPZ_EKZ.Data\KPZ_EKZ.Data.csproj", "{E97B1A78-DFB6-455A-82EB-C20F69121056}"
EndProject
Global
	GlobalSection(SolutionConfigurationPlatforms) = preSolution
		Debug|Any CPU = Debug|Any CPU
		Release|Any CPU = Release|Any CPU
	EndGlobalSection
	GlobalSection(ProjectConfigurationPlatforms) = postSolution
		{D089D3C4-8C11-439B-AA1D-8C396A1BCA79}.Debug|Any CPU.ActiveCfg = Debug|Any CPU
		{D089D3C4-8C11-439B-AA1D-8C396A1BCA79}.Debug|Any CPU.Build.0 = Debug|Any CPU
		{D089D3C4-8C11-439B-AA1D-8C396A1BCA79}.Release|Any CPU.ActiveCfg = Release|Any CPU
		{D089D3C4-8C11-439B-AA1D-8C396A1BCA79}.Release|Any CPU.Build.0 = Release|Any CPU
		{E97B1A78-DFB6-455A-82EB-C20F69121056}.Debug|Any CPU.ActiveCfg = Debug|Any CPU
		{E97B1A78-DFB6-455A-82EB-C20F69121056}.Debug|Any CPU.Build.0 = Debug|Any CPU
		{E97B1A78-DFB6-455A-82EB-C20F69121056}.Release|Any CPU.ActiveCfg = Release|Any CPU
		{E97B1A78-DFB6-455A-82EB-C20F69121056}.Release|Any CPU.Build.0 = Release|Any CPU
	EndGlobalSection
	GlobalSection(SolutionProperties) = preSolution
		HideSolutionNode = FALSE
	EndGlobalSection
	GlobalSection(ExtensibilityGlobals) = postSolution
		SolutionGuid = {C559A320-048E-47FE-89B4-424ABC17B29C}
	EndGlobalSection
EndGlobal
